
Microsoft Visual Studio Solution File, Format Version 12.00
# Visual Studio for Mac
Project("{FAE04EC0-301F-11D3-BF4B-00C04F79EFBC}") = "MINI-PUBG", "Assembly-CSharp.csproj", "{0C3ACF7C-E756-0EAB-EC3E-95661BB1D16A}"
EndProject
Project("{FAE04EC0-301F-11D3-BF4B-00C04F79EFBC}") = "MINI-PUBG", "Assembly-CSharp-firstpass.csproj", "{2F7CBE65-6AA6-81EC-BE0C-D30B940B695E}"
EndProject
Project("{FAE04EC0-301F-11D3-BF4B-00C04F79EFBC}") = "MINI-PUBG", "Assembly-CSharp-Editor-firstpass.csproj", "{1394B325-AC37-83F9-E917-04C610342479}"
EndProject
Global
	GlobalSection(SolutionConfigurationPlatforms) = preSolution
		Debug|Any CPU = Debug|Any CPU
		Release|Any CPU = Release|Any CPU
	EndGlobalSection
	GlobalSection(ProjectConfigurationPlatforms) = postSolution
		{0C3ACF7C-E756-0EAB-EC3E-95661BB1D16A}.Debug|Any CPU.ActiveCfg = Debug|Any CPU
		{0C3ACF7C-E756-0EAB-EC3E-95661BB1D16A}.Debug|Any CPU.Build.0 = Debug|Any CPU
		{0C3ACF7C-E756-0EAB-EC3E-95661BB1D16A}.Release|Any CPU.ActiveCfg = Release|Any CPU
		{0C3ACF7C-E756-0EAB-EC3E-95661BB1D16A}.Release|Any CPU.Build.0 = Release|Any CPU
		{2F7CBE65-6AA6-81EC-BE0C-D30B940B695E}.Debug|Any CPU.ActiveCfg = Debug|Any CPU
		{2F7CBE65-6AA6-81EC-BE0C-D30B940B695E}.Debug|Any CPU.Build.0 = Debug|Any CPU
		{2F7CBE65-6AA6-81EC-BE0C-D30B940B695E}.Release|Any CPU.ActiveCfg = Release|Any CPU
		{2F7CBE65-6AA6-81EC-BE0C-D30B940B695E}.Release|Any CPU.Build.0 = Release|Any CPU
		{1394B325-AC37-83F9-E917-04C610342479}.Debug|Any CPU.ActiveCfg = Debug|Any CPU
		{1394B325-AC37-83F9-E917-04C610342479}.Debug|Any CPU.Build.0 = Debug|Any CPU
		{1394B325-AC37-83F9-E917-04C610342479}.Release|Any CPU.ActiveCfg = Release|Any CPU
		{1394B325-AC37-83F9-E917-04C610342479}.Release|Any CPU.Build.0 = Release|Any CPU
	EndGlobalSection
	GlobalSection(SolutionProperties) = preSolution
		HideSolutionNode = FALSE
	EndGlobalSection
EndGlobal
